
Microsoft Visual Studio Solution File, Format Version 12.00
# Visual Studio Version 17
VisualStudioVersion = 17.9.34728.123
MinimumVisualStudioVersion = 10.0.40219.1
Project("{9A19103F-16F7-4668-BE54-9A1E7A4F7556}") = "Restaurant Table Booking Web Api", "Restaurant Table Booking Web Api\Restaurant Table Booking Web Api.csproj", "{ED4DBACE-AF98-43D9-B19D-BF541B423648}"
EndProject
Project("{9A19103F-16F7-4668-BE54-9A1E7A4F7556}") = "Restaurant Table Booking.Application", "ApplicationLayer\Restaurant Table Booking.Application.csproj", "{05DD5A9B-FBBA-411D-B4B0-116FA1915C3D}"
EndProject
Project("{9A19103F-16F7-4668-BE54-9A1E7A4F7556}") = "Restaurant Table Booking.Domain", "DomainLayer\Restaurant Table Booking.Domain.csproj", "{61AED39F-58E9-4373-AFB8-49FD53E13B33}"
EndProject
Project("{9A19103F-16F7-4668-BE54-9A1E7A4F7556}") = "Restaurant Table Booking.Infrastructure", "InfrastructureLayer\Restaurant Table Booking.Infrastructure.csproj", "{DD6603C0-36E4-4A29-B89C-73542FAFC399}"
EndProject
Project("{9A19103F-16F7-4668-BE54-9A1E7A4F7556}") = "Restaurant Table Booking.Shared", "Shared\Restaurant Table Booking.Shared.csproj", "{2BA07587-070C-4480-B537-426D37867BAE}"
EndProject
Global
	GlobalSection(SolutionConfigurationPlatforms) = preSolution
		Debug|Any CPU = Debug|Any CPU
		Release|Any CPU = Release|Any CPU
	EndGlobalSection
	GlobalSection(ProjectConfigurationPlatforms) = postSolution
		{ED4DBACE-AF98-43D9-B19D-BF541B423648}.Debug|Any CPU.ActiveCfg = Debug|Any CPU
		{ED4DBACE-AF98-43D9-B19D-BF541B423648}.Debug|Any CPU.Build.0 = Debug|Any CPU
		{ED4DBACE-AF98-43D9-B19D-BF541B423648}.Release|Any CPU.ActiveCfg = Release|Any CPU
		{ED4DBACE-AF98-43D9-B19D-BF541B423648}.Release|Any CPU.Build.0 = Release|Any CPU
		{05DD5A9B-FBBA-411D-B4B0-116FA1915C3D}.Debug|Any CPU.ActiveCfg = Debug|Any CPU
		{05DD5A9B-FBBA-411D-B4B0-116FA1915C3D}.Debug|Any CPU.Build.0 = Debug|Any CPU
		{05DD5A9B-FBBA-411D-B4B0-116FA1915C3D}.Release|Any CPU.ActiveCfg = Release|Any CPU
		{05DD5A9B-FBBA-411D-B4B0-116FA1915C3D}.Release|Any CPU.Build.0 = Release|Any CPU
		{61AED39F-58E9-4373-AFB8-49FD53E13B33}.Debug|Any CPU.ActiveCfg = Debug|Any CPU
		{61AED39F-58E9-4373-AFB8-49FD53E13B33}.Debug|Any CPU.Build.0 = Debug|Any CPU
		{61AED39F-58E9-4373-AFB8-49FD53E13B33}.Release|Any CPU.ActiveCfg = Release|Any CPU
		{61AED39F-58E9-4373-AFB8-49FD53E13B33}.Release|Any CPU.Build.0 = Release|Any CPU
		{DD6603C0-36E4-4A29-B89C-73542FAFC399}.Debug|Any CPU.ActiveCfg = Debug|Any CPU
		{DD6603C0-36E4-4A29-B89C-73542FAFC399}.Debug|Any CPU.Build.0 = Debug|Any CPU
		{DD6603C0-36E4-4A29-B89C-73542FAFC399}.Release|Any CPU.ActiveCfg = Release|Any CPU
		{DD6603C0-36E4-4A29-B89C-73542FAFC399}.Release|Any CPU.Build.0 = Release|Any CPU
		{2BA07587-070C-4480-B537-426D37867BAE}.Debug|Any CPU.ActiveCfg = Debug|Any CPU
		{2BA07587-070C-4480-B537-426D37867BAE}.Debug|Any CPU.Build.0 = Debug|Any CPU
		{2BA07587-070C-4480-B537-426D37867BAE}.Release|Any CPU.ActiveCfg = Release|Any CPU
		{2BA07587-070C-4480-B537-426D37867BAE}.Release|Any CPU.Build.0 = Release|Any CPU
	EndGlobalSection
	GlobalSection(SolutionProperties) = preSolution
		HideSolutionNode = FALSE
	EndGlobalSection
	GlobalSection(ExtensibilityGlobals) = postSolution
		SolutionGuid = {97744E64-2EB5-409B-9C97-18A97EE7D658}
	EndGlobalSection
EndGlobal
